
Microsoft Visual Studio Solution File, Format Version 11.00
# Visual Studio 2010
Project("{2150E333-8FDC-42A3-9474-1A3956D46DE8}") = "Solution Items", "Solution Items", "{09180970-96B5-470D-B06C-97D4AE113F57}"
EndProject
Project("{FAE04EC0-301F-11D3-BF4B-00C04F79EFBC}") = "CrmDataGenerator", "CrmDataGenerator\CrmDataGenerator.csproj", "{C555F0BD-E074-4912-9F92-8577B7DF6840}"
EndProject
Project("{FAE04EC0-301F-11D3-BF4B-00C04F79EFBC}") = "CrmMetadataGenerator", "CrmMetadataGenerator\CrmMetadataGenerator.csproj", "{322932B6-8EEF-4AA9-9C0D-D6B07B9C8074}"
EndProject
Project("{FAE04EC0-301F-11D3-BF4B-00C04F79EFBC}") = "CrmJsonSerializer", "CrmJsonSerializer\ClassLibrary1\CrmJsonSerializer.csproj", "{1A888BF7-3271-413F-9139-F660BAA8AABF}"
EndProject
Project("{FAE04EC0-301F-11D3-BF4B-00C04F79EFBC}") = "EntityWrap", "..\..\altai-dev\EntityWrap\EntityWrap.csproj", "{B7B6CC02-8C13-42B0-BF57-8558C1B01994}"
EndProject
Global
	GlobalSection(SolutionConfigurationPlatforms) = preSolution
		Debug|Any CPU = Debug|Any CPU
		Debug|Mixed Platforms = Debug|Mixed Platforms
		Debug|x86 = Debug|x86
		Release|Any CPU = Release|Any CPU
		Release|Mixed Platforms = Release|Mixed Platforms
		Release|x86 = Release|x86
	EndGlobalSection
	GlobalSection(ProjectConfigurationPlatforms) = postSolution
		{C555F0BD-E074-4912-9F92-8577B7DF6840}.Debug|Any CPU.ActiveCfg = Debug|x86
		{C555F0BD-E074-4912-9F92-8577B7DF6840}.Debug|Mixed Platforms.ActiveCfg = Debug|x86
		{C555F0BD-E074-4912-9F92-8577B7DF6840}.Debug|Mixed Platforms.Build.0 = Debug|x86
		{C555F0BD-E074-4912-9F92-8577B7DF6840}.Debug|x86.ActiveCfg = Debug|x86
		{C555F0BD-E074-4912-9F92-8577B7DF6840}.Debug|x86.Build.0 = Debug|x86
		{C555F0BD-E074-4912-9F92-8577B7DF6840}.Release|Any CPU.ActiveCfg = Release|x86
		{C555F0BD-E074-4912-9F92-8577B7DF6840}.Release|Mixed Platforms.ActiveCfg = Release|x86
		{C555F0BD-E074-4912-9F92-8577B7DF6840}.Release|Mixed Platforms.Build.0 = Release|x86
		{C555F0BD-E074-4912-9F92-8577B7DF6840}.Release|x86.ActiveCfg = Release|x86
		{C555F0BD-E074-4912-9F92-8577B7DF6840}.Release|x86.Build.0 = Release|x86
		{322932B6-8EEF-4AA9-9C0D-D6B07B9C8074}.Debug|Any CPU.ActiveCfg = Debug|x86
		{322932B6-8EEF-4AA9-9C0D-D6B07B9C8074}.Debug|Mixed Platforms.ActiveCfg = Debug|x86
		{322932B6-8EEF-4AA9-9C0D-D6B07B9C8074}.Debug|Mixed Platforms.Build.0 = Debug|x86
		{322932B6-8EEF-4AA9-9C0D-D6B07B9C8074}.Debug|x86.ActiveCfg = Debug|x86
		{322932B6-8EEF-4AA9-9C0D-D6B07B9C8074}.Debug|x86.Build.0 = Debug|x86
		{322932B6-8EEF-4AA9-9C0D-D6B07B9C8074}.Release|Any CPU.ActiveCfg = Release|x86
		{322932B6-8EEF-4AA9-9C0D-D6B07B9C8074}.Release|Mixed Platforms.ActiveCfg = Release|x86
		{322932B6-8EEF-4AA9-9C0D-D6B07B9C8074}.Release|Mixed Platforms.Build.0 = Release|x86
		{322932B6-8EEF-4AA9-9C0D-D6B07B9C8074}.Release|x86.ActiveCfg = Release|x86
		{322932B6-8EEF-4AA9-9C0D-D6B07B9C8074}.Release|x86.Build.0 = Release|x86
		{1A888BF7-3271-413F-9139-F660BAA8AABF}.Debug|Any CPU.ActiveCfg = Debug|Any CPU
		{1A888BF7-3271-413F-9139-F660BAA8AABF}.Debug|Any CPU.Build.0 = Debug|Any CPU
		{1A888BF7-3271-413F-9139-F660BAA8AABF}.Debug|Mixed Platforms.ActiveCfg = Debug|Any CPU
		{1A888BF7-3271-413F-9139-F660BAA8AABF}.Debug|Mixed Platforms.Build.0 = Debug|Any CPU
		{1A888BF7-3271-413F-9139-F660BAA8AABF}.Debug|x86.ActiveCfg = Debug|Any CPU
		{1A888BF7-3271-413F-9139-F660BAA8AABF}.Release|Any CPU.ActiveCfg = Release|Any CPU
		{1A888BF7-3271-413F-9139-F660BAA8AABF}.Release|Any CPU.Build.0 = Release|Any CPU
		{1A888BF7-3271-413F-9139-F660BAA8AABF}.Release|Mixed Platforms.ActiveCfg = Release|Any CPU
		{1A888BF7-3271-413F-9139-F660BAA8AABF}.Release|Mixed Platforms.Build.0 = Release|Any CPU
		{1A888BF7-3271-413F-9139-F660BAA8AABF}.Release|x86.ActiveCfg = Release|Any CPU
		{B7B6CC02-8C13-42B0-BF57-8558C1B01994}.Debug|Any CPU.ActiveCfg = Debug|Any CPU
		{B7B6CC02-8C13-42B0-BF57-8558C1B01994}.Debug|Any CPU.Build.0 = Debug|Any CPU
		{B7B6CC02-8C13-42B0-BF57-8558C1B01994}.Debug|Mixed Platforms.ActiveCfg = Debug|Any CPU
		{B7B6CC02-8C13-42B0-BF57-8558C1B01994}.Debug|Mixed Platforms.Build.0 = Debug|Any CPU
		{B7B6CC02-8C13-42B0-BF57-8558C1B01994}.Debug|x86.ActiveCfg = Debug|Any CPU
		{B7B6CC02-8C13-42B0-BF57-8558C1B01994}.Release|Any CPU.ActiveCfg = Release|Any CPU
		{B7B6CC02-8C13-42B0-BF57-8558C1B01994}.Release|Any CPU.Build.0 = Release|Any CPU
		{B7B6CC02-8C13-42B0-BF57-8558C1B01994}.Release|Mixed Platforms.ActiveCfg = Release|Any CPU
		{B7B6CC02-8C13-42B0-BF57-8558C1B01994}.Release|Mixed Platforms.Build.0 = Release|Any CPU
		{B7B6CC02-8C13-42B0-BF57-8558C1B01994}.Release|x86.ActiveCfg = Release|Any CPU
	EndGlobalSection
	GlobalSection(SolutionProperties) = preSolution
		HideSolutionNode = FALSE
	EndGlobalSection
EndGlobal
